
Microsoft Visual Studio Solution File, Format Version 12.00
# Visual Studio 15
VisualStudioVersion = 15.0.27703.2026
MinimumVisualStudioVersion = 10.0.40219.1
Project("{FAE04EC0-301F-11D3-BF4B-00C04F79EFBC}") = "HeartStoneAPI", "HeartStoneAPI\HeartStoneAPI.csproj", "{5945CCA3-4AAE-4EAB-A664-8EC791261BE7}"
EndProject
Global
	GlobalSection(SolutionConfigurationPlatforms) = preSolution
		Debug|Any CPU = Debug|Any CPU
		Release|Any CPU = Release|Any CPU
	EndGlobalSection
	GlobalSection(ProjectConfigurationPlatforms) = postSolution
		{5945CCA3-4AAE-4EAB-A664-8EC791261BE7}.Debug|Any CPU.ActiveCfg = Debug|Any CPU
		{5945CCA3-4AAE-4EAB-A664-8EC791261BE7}.Debug|Any CPU.Build.0 = Debug|Any CPU
		{5945CCA3-4AAE-4EAB-A664-8EC791261BE7}.Release|Any CPU.ActiveCfg = Release|Any CPU
		{5945CCA3-4AAE-4EAB-A664-8EC791261BE7}.Release|Any CPU.Build.0 = Release|Any CPU
	EndGlobalSection
	GlobalSection(SolutionProperties) = preSolution
		HideSolutionNode = FALSE
	EndGlobalSection
	GlobalSection(ExtensibilityGlobals) = postSolution
		SolutionGuid = {89152B02-EEC1-4227-B86E-83A6FB54ABA8}
	EndGlobalSection
EndGlobal
